// !$*UTF8*$!
{
	archiveVersion = 1;
	classes = {
	};
	objectVersion = 56;
	objects = {

/* Begin PBXBuildFile section */
		821DB48A2C3EFF19003FAF27 /* CarouselView.swift in Sources */ = {isa = PBXBuildFile; fileRef = 821DB4892C3EFF19003FAF27 /* CarouselView.swift */; };
		821DB48C2C40CC83003FAF27 /* LoginButtonView.swift in Sources */ = {isa = PBXBuildFile; fileRef = 821DB48B2C40CC83003FAF27 /* LoginButtonView.swift */; };
		821DB48E2C40CCB1003FAF27 /* JoinNowButtonView.swift in Sources */ = {isa = PBXBuildFile; fileRef = 821DB48D2C40CCB1003FAF27 /* JoinNowButtonView.swift */; };
		821DB4912C40D2A8003FAF27 /* Email.swift in Sources */ = {isa = PBXBuildFile; fileRef = 821DB4902C40D2A8003FAF27 /* Email.swift */; };
		BE18AFDC2C41782500A1E59A /* LoginView.swift in Sources */ = {isa = PBXBuildFile; fileRef = BE18AFDB2C41782500A1E59A /* LoginView.swift */; };
		BE6B14012C3B313500F1F609 /* ScoresView.swift in Sources */ = {isa = PBXBuildFile; fileRef = BE6B14002C3B313500F1F609 /* ScoresView.swift */; };
		BE77F0B92C32EF33002AD510 /* Footy_AppApp.swift in Sources */ = {isa = PBXBuildFile; fileRef = BE77F0B82C32EF33002AD510 /* Footy_AppApp.swift */; };
		BE77F0BB2C32EF33002AD510 /* ContentView.swift in Sources */ = {isa = PBXBuildFile; fileRef = BE77F0BA2C32EF33002AD510 /* ContentView.swift */; };
		BE77F0BD2C32EF34002AD510 /* Assets.xcassets in Resources */ = {isa = PBXBuildFile; fileRef = BE77F0BC2C32EF34002AD510 /* Assets.xcassets */; };
		BE77F0C02C32EF34002AD510 /* Preview Assets.xcassets in Resources */ = {isa = PBXBuildFile; fileRef = BE77F0BF2C32EF34002AD510 /* Preview Assets.xcassets */; };
		BE77F0C72C32F058002AD510 /* StatsView.swift in Sources */ = {isa = PBXBuildFile; fileRef = BE77F0C62C32F058002AD510 /* StatsView.swift */; };
		BE77F0C92C32F06F002AD510 /* ProfileView.swift in Sources */ = {isa = PBXBuildFile; fileRef = BE77F0C82C32F06F002AD510 /* ProfileView.swift */; };
		BE77F0CB2C32F088002AD510 /* UpcomingGamesView.swift in Sources */ = {isa = PBXBuildFile; fileRef = BE77F0CA2C32F088002AD510 /* UpcomingGamesView.swift */; };
		BE77F0CD2C32F097002AD510 /* TeamsView.swift in Sources */ = {isa = PBXBuildFile; fileRef = BE77F0CC2C32F096002AD510 /* TeamsView.swift */; };
/* End PBXBuildFile section */

/* Begin PBXFileReference section */
		821DB4892C3EFF19003FAF27 /* CarouselView.swift */ = {isa = PBXFileReference; lastKnownFileType = sourcecode.swift; path = CarouselView.swift; sourceTree = "<group>"; };
		821DB48B2C40CC83003FAF27 /* LoginButtonView.swift */ = {isa = PBXFileReference; lastKnownFileType = sourcecode.swift; path = LoginButtonView.swift; sourceTree = "<group>"; };
		821DB48D2C40CCB1003FAF27 /* JoinNowButtonView.swift */ = {isa = PBXFileReference; lastKnownFileType = sourcecode.swift; path = JoinNowButtonView.swift; sourceTree = "<group>"; };
		821DB4902C40D2A8003FAF27 /* Email.swift */ = {isa = PBXFileReference; lastKnownFileType = sourcecode.swift; path = Email.swift; sourceTree = "<group>"; };
		BE18AFDB2C41782500A1E59A /* LoginView.swift */ = {isa = PBXFileReference; lastKnownFileType = sourcecode.swift; path = LoginView.swift; sourceTree = "<group>"; };
		BE34344E2C358192001675CD /* Footy-App-Info.plist */ = {isa = PBXFileReference; lastKnownFileType = text.plist; path = "Footy-App-Info.plist"; sourceTree = SOURCE_ROOT; };
		BE6B14002C3B313500F1F609 /* ScoresView.swift */ = {isa = PBXFileReference; lastKnownFileType = sourcecode.swift; path = ScoresView.swift; sourceTree = "<group>"; };
		BE77F0B52C32EF33002AD510 /* Footy App.app */ = {isa = PBXFileReference; explicitFileType = wrapper.application; includeInIndex = 0; path = "Footy App.app"; sourceTree = BUILT_PRODUCTS_DIR; };
		BE77F0B82C32EF33002AD510 /* Footy_AppApp.swift */ = {isa = PBXFileReference; lastKnownFileType = sourcecode.swift; path = Footy_AppApp.swift; sourceTree = "<group>"; };
		BE77F0BA2C32EF33002AD510 /* ContentView.swift */ = {isa = PBXFileReference; lastKnownFileType = sourcecode.swift; path = ContentView.swift; sourceTree = "<group>"; };
		BE77F0BC2C32EF34002AD510 /* Assets.xcassets */ = {isa = PBXFileReference; lastKnownFileType = folder.assetcatalog; path = Assets.xcassets; sourceTree = "<group>"; };
		BE77F0BF2C32EF34002AD510 /* Preview Assets.xcassets */ = {isa = PBXFileReference; lastKnownFileType = folder.assetcatalog; path = "Preview Assets.xcassets"; sourceTree = "<group>"; };
		BE77F0C62C32F058002AD510 /* StatsView.swift */ = {isa = PBXFileReference; lastKnownFileType = sourcecode.swift; path = StatsView.swift; sourceTree = "<group>"; };
		BE77F0C82C32F06F002AD510 /* ProfileView.swift */ = {isa = PBXFileReference; lastKnownFileType = sourcecode.swift; path = ProfileView.swift; sourceTree = "<group>"; };
		BE77F0CA2C32F088002AD510 /* UpcomingGamesView.swift */ = {isa = PBXFileReference; lastKnownFileType = sourcecode.swift; path = UpcomingGamesView.swift; sourceTree = "<group>"; };
		BE77F0CC2C32F096002AD510 /* TeamsView.swift */ = {isa = PBXFileReference; lastKnownFileType = sourcecode.swift; path = TeamsView.swift; sourceTree = "<group>"; };
/* End PBXFileReference section */

/* Begin PBXFrameworksBuildPhase section */
		BE77F0B22C32EF33002AD510 /* Frameworks */ = {
			isa = PBXFrameworksBuildPhase;
			buildActionMask = 2147483647;
			files = (
			);
			runOnlyForDeploymentPostprocessing = 0;
		};
/* End PBXFrameworksBuildPhase section */

/* Begin PBXGroup section */
		821DB48F2C40D292003FAF27 /* Extensions */ = {
			isa = PBXGroup;
			children = (
				821DB4902C40D2A8003FAF27 /* Email.swift */,
			);
			path = Extensions;
			sourceTree = "<group>";
		};
		BE77F0AC2C32EF33002AD510 = {
			isa = PBXGroup;
			children = (
				BE77F0B72C32EF33002AD510 /* Footy App */,
				BE77F0B62C32EF33002AD510 /* Products */,
			);
			sourceTree = "<group>";
		};
		BE77F0B62C32EF33002AD510 /* Products */ = {
			isa = PBXGroup;
			children = (
				BE77F0B52C32EF33002AD510 /* Footy App.app */,
			);
			name = Products;
			sourceTree = "<group>";
		};
		BE77F0B72C32EF33002AD510 /* Footy App */ = {
			isa = PBXGroup;
			children = (
				BE34344E2C358192001675CD /* Footy-App-Info.plist */,
				821DB48F2C40D292003FAF27 /* Extensions */,
				BE77F0B82C32EF33002AD510 /* Footy_AppApp.swift */,
				BE18AFDB2C41782500A1E59A /* LoginView.swift */,
				BE77F0BA2C32EF33002AD510 /* ContentView.swift */,
				BE6B14002C3B313500F1F609 /* ScoresView.swift */,
				BE77F0C62C32F058002AD510 /* StatsView.swift */,
				BE77F0C82C32F06F002AD510 /* ProfileView.swift */,
				821DB48D2C40CCB1003FAF27 /* JoinNowButtonView.swift */,
				821DB48B2C40CC83003FAF27 /* LoginButtonView.swift */,
				BE77F0CA2C32F088002AD510 /* UpcomingGamesView.swift */,
				BE77F0CC2C32F096002AD510 /* TeamsView.swift */,
				BE77F0BC2C32EF34002AD510 /* Assets.xcassets */,
				BE77F0BE2C32EF34002AD510 /* Preview Content */,
			);
			path = "Footy App";
			sourceTree = "<group>";
		};
		BE77F0BE2C32EF34002AD510 /* Preview Content */ = {
			isa = PBXGroup;
			children = (
				BE77F0BF2C32EF34002AD510 /* Preview Assets.xcassets */,
				821DB4892C3EFF19003FAF27 /* CarouselView.swift */,
			);
			path = "Preview Content";
			sourceTree = "<group>";
		};
/* End PBXGroup section */

/* Begin PBXNativeTarget section */
		BE77F0B42C32EF33002AD510 /* Footy App */ = {
			isa = PBXNativeTarget;
			buildConfigurationList = BE77F0C32C32EF34002AD510 /* Build configuration list for PBXNativeTarget "Footy App" */;
			buildPhases = (
				BE77F0B12C32EF33002AD510 /* Sources */,
				BE77F0B22C32EF33002AD510 /* Frameworks */,
				BE77F0B32C32EF33002AD510 /* Resources */,
			);
			buildRules = (
			);
			dependencies = (
			);
			name = "Footy App";
			productName = "Footy App";
			productReference = BE77F0B52C32EF33002AD510 /* Footy App.app */;
			productType = "com.apple.product-type.application";
		};
/* End PBXNativeTarget section */

/* Begin PBXProject section */
		BE77F0AD2C32EF33002AD510 /* Project object */ = {
			isa = PBXProject;
			attributes = {
				BuildIndependentTargetsInParallel = 1;
				LastSwiftUpdateCheck = 1540;
				LastUpgradeCheck = 1540;
				TargetAttributes = {
					BE77F0B42C32EF33002AD510 = {
						CreatedOnToolsVersion = 15.4;
					};
				};
			};
			buildConfigurationList = BE77F0B02C32EF33002AD510 /* Build configuration list for PBXProject "Footy App" */;
			compatibilityVersion = "Xcode 14.0";
			developmentRegion = en;
			hasScannedForEncodings = 0;
			knownRegions = (
				en,
				Base,
			);
			mainGroup = BE77F0AC2C32EF33002AD510;
			productRefGroup = BE77F0B62C32EF33002AD510 /* Products */;
			projectDirPath = "";
			projectRoot = "";
			targets = (
				BE77F0B42C32EF33002AD510 /* Footy App */,
			);
		};
/* End PBXProject section */

/* Begin PBXResourcesBuildPhase section */
		BE77F0B32C32EF33002AD510 /* Resources */ = {
			isa = PBXResourcesBuildPhase;
			buildActionMask = 2147483647;
			files = (
				BE77F0C02C32EF34002AD510 /* Preview Assets.xcassets in Resources */,
				BE77F0BD2C32EF34002AD510 /* Assets.xcassets in Resources */,
			);
			runOnlyForDeploymentPostprocessing = 0;
		};
/* End PBXResourcesBuildPhase section */

/* Begin PBXSourcesBuildPhase section */
		BE77F0B12C32EF33002AD510 /* Sources */ = {
			isa = PBXSourcesBuildPhase;
			buildActionMask = 2147483647;
			files = (
				BE6B14012C3B313500F1F609 /* ScoresView.swift in Sources */,
				821DB48C2C40CC83003FAF27 /* LoginButtonView.swift in Sources */,
				BE77F0CB2C32F088002AD510 /* UpcomingGamesView.swift in Sources */,
				BE77F0BB2C32EF33002AD510 /* ContentView.swift in Sources */,
				BE77F0B92C32EF33002AD510 /* Footy_AppApp.swift in Sources */,
				821DB4912C40D2A8003FAF27 /* Email.swift in Sources */,
				821DB48E2C40CCB1003FAF27 /* JoinNowButtonView.swift in Sources */,
				BE77F0CD2C32F097002AD510 /* TeamsView.swift in Sources */,
				BE77F0C92C32F06F002AD510 /* ProfileView.swift in Sources */,
				821DB48A2C3EFF19003FAF27 /* CarouselView.swift in Sources */,
				BE18AFDC2C41782500A1E59A /* LoginView.swift in Sources */,
				BE77F0C92C32F06F002AD510 /* ProfileView.swift in Sources */,
				BE77F0C72C32F058002AD510 /* StatsView.swift in Sources */,
			);
			runOnlyForDeploymentPostprocessing = 0;
		};
/* End PBXSourcesBuildPhase section */

/* Begin XCBuildConfiguration section */
		BE77F0C12C32EF34002AD510 /* Debug */ = {
			isa = XCBuildConfiguration;
			buildSettings = {
				ALWAYS_SEARCH_USER_PATHS = NO;
				ASSETCATALOG_COMPILER_GENERATE_SWIFT_ASSET_SYMBOL_EXTENSIONS = YES;
				CLANG_ANALYZER_NONNULL = YES;
				CLANG_ANALYZER_NUMBER_OBJECT_CONVERSION = YES_AGGRESSIVE;
				CLANG_CXX_LANGUAGE_STANDARD = "gnu++20";
				CLANG_ENABLE_MODULES = YES;
				CLANG_ENABLE_OBJC_ARC = YES;
				CLANG_ENABLE_OBJC_WEAK = YES;
				CLANG_WARN_BLOCK_CAPTURE_AUTORELEASING = YES;
				CLANG_WARN_BOOL_CONVERSION = YES;
				CLANG_WARN_COMMA = YES;
				CLANG_WARN_CONSTANT_CONVERSION = YES;
				CLANG_WARN_DEPRECATED_OBJC_IMPLEMENTATIONS = YES;
				CLANG_WARN_DIRECT_OBJC_ISA_USAGE = YES_ERROR;
				CLANG_WARN_DOCUMENTATION_COMMENTS = YES;
				CLANG_WARN_EMPTY_BODY = YES;
				CLANG_WARN_ENUM_CONVERSION = YES;
				CLANG_WARN_INFINITE_RECURSION = YES;
				CLANG_WARN_INT_CONVERSION = YES;
				CLANG_WARN_NON_LITERAL_NULL_CONVERSION = YES;
				CLANG_WARN_OBJC_IMPLICIT_RETAIN_SELF = YES;
				CLANG_WARN_OBJC_LITERAL_CONVERSION = YES;
				CLANG_WARN_OBJC_ROOT_CLASS = YES_ERROR;
				CLANG_WARN_QUOTED_INCLUDE_IN_FRAMEWORK_HEADER = YES;
				CLANG_WARN_RANGE_LOOP_ANALYSIS = YES;
				CLANG_WARN_STRICT_PROTOTYPES = YES;
				CLANG_WARN_SUSPICIOUS_MOVE = YES;
				CLANG_WARN_UNGUARDED_AVAILABILITY = YES_AGGRESSIVE;
				CLANG_WARN_UNREACHABLE_CODE = YES;
				CLANG_WARN__DUPLICATE_METHOD_MATCH = YES;
				COPY_PHASE_STRIP = NO;
				DEBUG_INFORMATION_FORMAT = dwarf;
				ENABLE_STRICT_OBJC_MSGSEND = YES;
				ENABLE_TESTABILITY = YES;
				ENABLE_USER_SCRIPT_SANDBOXING = YES;
				GCC_C_LANGUAGE_STANDARD = gnu17;
				GCC_DYNAMIC_NO_PIC = NO;
				GCC_NO_COMMON_BLOCKS = YES;
				GCC_OPTIMIZATION_LEVEL = 0;
				GCC_PREPROCESSOR_DEFINITIONS = (
					"DEBUG=1",
					"$(inherited)",
				);
				GCC_WARN_64_TO_32_BIT_CONVERSION = YES;
				GCC_WARN_ABOUT_RETURN_TYPE = YES_ERROR;
				GCC_WARN_UNDECLARED_SELECTOR = YES;
				GCC_WARN_UNINITIALIZED_AUTOS = YES_AGGRESSIVE;
				GCC_WARN_UNUSED_FUNCTION = YES;
				GCC_WARN_UNUSED_VARIABLE = YES;
				IPHONEOS_DEPLOYMENT_TARGET = 17.5;
				LOCALIZATION_PREFERS_STRING_CATALOGS = YES;
				MTL_ENABLE_DEBUG_INFO = INCLUDE_SOURCE;
				MTL_FAST_MATH = YES;
				ONLY_ACTIVE_ARCH = YES;
				SDKROOT = iphoneos;
				SWIFT_ACTIVE_COMPILATION_CONDITIONS = "DEBUG $(inherited)";
				SWIFT_OPTIMIZATION_LEVEL = "-Onone";
			};
			name = Debug;
		};
		BE77F0C22C32EF34002AD510 /* Release */ = {
			isa = XCBuildConfiguration;
			buildSettings = {
				ALWAYS_SEARCH_USER_PATHS = NO;
				ASSETCATALOG_COMPILER_GENERATE_SWIFT_ASSET_SYMBOL_EXTENSIONS = YES;
				CLANG_ANALYZER_NONNULL = YES;
				CLANG_ANALYZER_NUMBER_OBJECT_CONVERSION = YES_AGGRESSIVE;
				CLANG_CXX_LANGUAGE_STANDARD = "gnu++20";
				CLANG_ENABLE_MODULES = YES;
				CLANG_ENABLE_OBJC_ARC = YES;
				CLANG_ENABLE_OBJC_WEAK = YES;
				CLANG_WARN_BLOCK_CAPTURE_AUTORELEASING = YES;
				CLANG_WARN_BOOL_CONVERSION = YES;
				CLANG_WARN_COMMA = YES;
				CLANG_WARN_CONSTANT_CONVERSION = YES;
				CLANG_WARN_DEPRECATED_OBJC_IMPLEMENTATIONS = YES;
				CLANG_WARN_DIRECT_OBJC_ISA_USAGE = YES_ERROR;
				CLANG_WARN_DOCUMENTATION_COMMENTS = YES;
				CLANG_WARN_EMPTY_BODY = YES;
				CLANG_WARN_ENUM_CONVERSION = YES;
				CLANG_WARN_INFINITE_RECURSION = YES;
				CLANG_WARN_INT_CONVERSION = YES;
				CLANG_WARN_NON_LITERAL_NULL_CONVERSION = YES;
				CLANG_WARN_OBJC_IMPLICIT_RETAIN_SELF = YES;
				CLANG_WARN_OBJC_LITERAL_CONVERSION = YES;
				CLANG_WARN_OBJC_ROOT_CLASS = YES_ERROR;
				CLANG_WARN_QUOTED_INCLUDE_IN_FRAMEWORK_HEADER = YES;
				CLANG_WARN_RANGE_LOOP_ANALYSIS = YES;
				CLANG_WARN_STRICT_PROTOTYPES = YES;
				CLANG_WARN_SUSPICIOUS_MOVE = YES;
				CLANG_WARN_UNGUARDED_AVAILABILITY = YES_AGGRESSIVE;
				CLANG_WARN_UNREACHABLE_CODE = YES;
				CLANG_WARN__DUPLICATE_METHOD_MATCH = YES;
				COPY_PHASE_STRIP = NO;
				DEBUG_INFORMATION_FORMAT = "dwarf-with-dsym";
				ENABLE_NS_ASSERTIONS = NO;
				ENABLE_STRICT_OBJC_MSGSEND = YES;
				ENABLE_USER_SCRIPT_SANDBOXING = YES;
				GCC_C_LANGUAGE_STANDARD = gnu17;
				GCC_NO_COMMON_BLOCKS = YES;
				GCC_WARN_64_TO_32_BIT_CONVERSION = YES;
				GCC_WARN_ABOUT_RETURN_TYPE = YES_ERROR;
				GCC_WARN_UNDECLARED_SELECTOR = YES;
				GCC_WARN_UNINITIALIZED_AUTOS = YES_AGGRESSIVE;
				GCC_WARN_UNUSED_FUNCTION = YES;
				GCC_WARN_UNUSED_VARIABLE = YES;
				IPHONEOS_DEPLOYMENT_TARGET = 17.5;
				LOCALIZATION_PREFERS_STRING_CATALOGS = YES;
				MTL_ENABLE_DEBUG_INFO = NO;
				MTL_FAST_MATH = YES;
				SDKROOT = iphoneos;
				SWIFT_COMPILATION_MODE = wholemodule;
				VALIDATE_PRODUCT = YES;
			};
			name = Release;
		};
		BE77F0C42C32EF34002AD510 /* Debug */ = {
			isa = XCBuildConfiguration;
			buildSettings = {
				ASSETCATALOG_COMPILER_APPICON_NAME = AppIcon;
				ASSETCATALOG_COMPILER_GLOBAL_ACCENT_COLOR_NAME = AccentColor;
				CODE_SIGN_STYLE = Automatic;
				CURRENT_PROJECT_VERSION = 1;
				DEVELOPMENT_ASSET_PATHS = "\"Footy App/Preview Content\"";
				DEVELOPMENT_TEAM = FDV24QHHQ9;
				ENABLE_PREVIEWS = YES;
				GENERATE_INFOPLIST_FILE = YES;
				INFOPLIST_FILE = "Footy-App-Info.plist";
				INFOPLIST_KEY_UIApplicationSceneManifest_Generation = YES;
				INFOPLIST_KEY_UIApplicationSupportsIndirectInputEvents = YES;
				INFOPLIST_KEY_UILaunchScreen_Generation = YES;
				INFOPLIST_KEY_UISupportedInterfaceOrientations_iPad = "UIInterfaceOrientationPortrait UIInterfaceOrientationPortraitUpsideDown UIInterfaceOrientationLandscapeLeft UIInterfaceOrientationLandscapeRight";
				INFOPLIST_KEY_UISupportedInterfaceOrientations_iPhone = "UIInterfaceOrientationPortrait UIInterfaceOrientationLandscapeLeft UIInterfaceOrientationLandscapeRight";
				LD_RUNPATH_SEARCH_PATHS = (
					"$(inherited)",
					"@executable_path/Frameworks",
				);
				MARKETING_VERSION = 1.0;
				PRODUCT_BUNDLE_IDENTIFIER = "com.aaron.Footy-App";
				PRODUCT_NAME = "$(TARGET_NAME)";
				SWIFT_EMIT_LOC_STRINGS = YES;
				SWIFT_VERSION = 5.0;
				TARGETED_DEVICE_FAMILY = "1,2";
			};
			name = Debug;
		};
		BE77F0C52C32EF34002AD510 /* Release */ = {
			isa = XCBuildConfiguration;
			buildSettings = {
				ASSETCATALOG_COMPILER_APPICON_NAME = AppIcon;
				ASSETCATALOG_COMPILER_GLOBAL_ACCENT_COLOR_NAME = AccentColor;
				CODE_SIGN_STYLE = Automatic;
				CURRENT_PROJECT_VERSION = 1;
				DEVELOPMENT_ASSET_PATHS = "\"Footy App/Preview Content\"";
				DEVELOPMENT_TEAM = FDV24QHHQ9;
				ENABLE_PREVIEWS = YES;
				GENERATE_INFOPLIST_FILE = YES;
				INFOPLIST_FILE = "Footy-App-Info.plist";
				INFOPLIST_KEY_UIApplicationSceneManifest_Generation = YES;
				INFOPLIST_KEY_UIApplicationSupportsIndirectInputEvents = YES;
				INFOPLIST_KEY_UILaunchScreen_Generation = YES;
				INFOPLIST_KEY_UISupportedInterfaceOrientations_iPad = "UIInterfaceOrientationPortrait UIInterfaceOrientationPortraitUpsideDown UIInterfaceOrientationLandscapeLeft UIInterfaceOrientationLandscapeRight";
				INFOPLIST_KEY_UISupportedInterfaceOrientations_iPhone = "UIInterfaceOrientationPortrait UIInterfaceOrientationLandscapeLeft UIInterfaceOrientationLandscapeRight";
				LD_RUNPATH_SEARCH_PATHS = (
					"$(inherited)",
					"@executable_path/Frameworks",
				);
				MARKETING_VERSION = 1.0;
				PRODUCT_BUNDLE_IDENTIFIER = "com.aaron.Footy-App";
				PRODUCT_NAME = "$(TARGET_NAME)";
				SWIFT_EMIT_LOC_STRINGS = YES;
				SWIFT_VERSION = 5.0;
				TARGETED_DEVICE_FAMILY = "1,2";
			};
			name = Release;
		};
/* End XCBuildConfiguration section */

/* Begin XCConfigurationList section */
		BE77F0B02C32EF33002AD510 /* Build configuration list for PBXProject "Footy App" */ = {
			isa = XCConfigurationList;
			buildConfigurations = (
				BE77F0C12C32EF34002AD510 /* Debug */,
				BE77F0C22C32EF34002AD510 /* Release */,
			);
			defaultConfigurationIsVisible = 0;
			defaultConfigurationName = Release;
		};
		BE77F0C32C32EF34002AD510 /* Build configuration list for PBXNativeTarget "Footy App" */ = {
			isa = XCConfigurationList;
			buildConfigurations = (
				BE77F0C42C32EF34002AD510 /* Debug */,
				BE77F0C52C32EF34002AD510 /* Release */,
			);
			defaultConfigurationIsVisible = 0;
			defaultConfigurationName = Release;
		};
/* End XCConfigurationList section */
	};
	rootObject = BE77F0AD2C32EF33002AD510 /* Project object */;
}
